{
  "pins" : [
    {
      "identity" : "lazyhelper",
      "kind" : "remoteSourceControl",
      "location" : "https://github.com/ConstantineLivingston/LazyHelper.git",
      "state" : {
        "revision" : "f20f0e38baed373daf592bf290307ee298d5f695",
        "version" : "1.0.0"
      }
    }
  ],
  "version" : 2
}
